
Microsoft Visual Studio Solution File, Format Version 12.00
# Visual Studio Version 17
VisualStudioVersion = 17.0.31903.59
MinimumVisualStudioVersion = 10.0.40219.1
Project("{FAE04EC0-301F-11D3-BF4B-00C04F79EFBC}") = "Api.Application", "Api.Application\Api.Application.csproj", "{BAA44E69-EB2F-4E00-AA9A-2FB2B850B387}"
EndProject
Project("{2150E333-8FDC-42A3-9474-1A3956D46DE8}") = "1 - Application", "1 - Application", "{7B28D428-D147-4E1B-8A73-FBE118CCAF57}"
EndProject
Project("{FAE04EC0-301F-11D3-BF4B-00C04F79EFBC}") = "Api.Application", "1 - Application\Api.Application\Api.Application.csproj", "{B9C803CC-3D12-477A-8613-6E14CC897874}"
EndProject
Project("{2150E333-8FDC-42A3-9474-1A3956D46DE8}") = "2 - Domain", "2 - Domain", "{D7B26BBD-9474-488F-9884-37E510FE883A}"
EndProject
Project("{FAE04EC0-301F-11D3-BF4B-00C04F79EFBC}") = "Api.Domain", "2 - Domain\Api.Domain\Api.Domain.csproj", "{70CFECFD-FF59-457C-87C7-4CEC74B02B4D}"
EndProject
Project("{2150E333-8FDC-42A3-9474-1A3956D46DE8}") = "3 - Service", "3 - Service", "{42784BB2-8622-48BD-9050-A9E5EBD53B12}"
EndProject
Project("{FAE04EC0-301F-11D3-BF4B-00C04F79EFBC}") = "Api.Service", "3 - Service\Api.Service\Api.Service.csproj", "{5E474454-B9A5-47A2-990B-C5DEC885ECCF}"
EndProject
Project("{2150E333-8FDC-42A3-9474-1A3956D46DE8}") = "4 - Infrastructure", "4 - Infrastructure", "{8F80B24D-EB57-4E81-B323-19BD62826988}"
EndProject
Project("{FAE04EC0-301F-11D3-BF4B-00C04F79EFBC}") = "Api.Infrastructure", "4 - Infrastructure\Api.Infrastructure\Api.Infrastructure.csproj", "{DFD3C8F8-BF9E-4E85-A95B-BCBECE2E767A}"
EndProject
Project("{2150E333-8FDC-42A3-9474-1A3956D46DE8}") = "5 - Test", "5 - Test", "{8669D2D8-D109-407E-B6F8-1309F92DD4FB}"
EndProject
Project("{FAE04EC0-301F-11D3-BF4B-00C04F79EFBC}") = "Api.Test", "5 - Test\Api.Test\Api.Test.csproj", "{0671A4AE-591E-4FDA-A3EB-316E2A1FAB7B}"
EndProject
Project("{2150E333-8FDC-42A3-9474-1A3956D46DE8}") = "src", "src", "{34D089DA-F543-4CCC-88FC-DB5ADBCCC2DB}"
EndProject
Project("{FAE04EC0-301F-11D3-BF4B-00C04F79EFBC}") = "Api.Application", "src\Api.Application\Api.Application.csproj", "{B2B46D4E-BD3C-46E0-9E98-9D392C2AA5BB}"
EndProject
Project("{FAE04EC0-301F-11D3-BF4B-00C04F79EFBC}") = "Api.Domain", "src\Api.Domain\Api.Domain.csproj", "{1225BC93-54EA-468F-8CFE-1B3BC5209570}"
EndProject
Project("{FAE04EC0-301F-11D3-BF4B-00C04F79EFBC}") = "Api.Service", "src\Api.Service\Api.Service.csproj", "{097DB23F-AAB2-4D59-A77B-75340D21EE31}"
EndProject
Project("{FAE04EC0-301F-11D3-BF4B-00C04F79EFBC}") = "Api.Infrastructure", "src\Api.Infrastructure\Api.Infrastructure.csproj", "{BA0450CA-AF39-4B43-8320-127850C181AB}"
EndProject
Global
	GlobalSection(SolutionConfigurationPlatforms) = preSolution
		Debug|Any CPU = Debug|Any CPU
		Release|Any CPU = Release|Any CPU
	EndGlobalSection
	GlobalSection(SolutionProperties) = preSolution
		HideSolutionNode = FALSE
	EndGlobalSection
	GlobalSection(ProjectConfigurationPlatforms) = postSolution
		{BAA44E69-EB2F-4E00-AA9A-2FB2B850B387}.Debug|Any CPU.ActiveCfg = Debug|Any CPU
		{BAA44E69-EB2F-4E00-AA9A-2FB2B850B387}.Debug|Any CPU.Build.0 = Debug|Any CPU
		{BAA44E69-EB2F-4E00-AA9A-2FB2B850B387}.Release|Any CPU.ActiveCfg = Release|Any CPU
		{BAA44E69-EB2F-4E00-AA9A-2FB2B850B387}.Release|Any CPU.Build.0 = Release|Any CPU
		{B9C803CC-3D12-477A-8613-6E14CC897874}.Debug|Any CPU.ActiveCfg = Debug|Any CPU
		{B9C803CC-3D12-477A-8613-6E14CC897874}.Debug|Any CPU.Build.0 = Debug|Any CPU
		{B9C803CC-3D12-477A-8613-6E14CC897874}.Release|Any CPU.ActiveCfg = Release|Any CPU
		{B9C803CC-3D12-477A-8613-6E14CC897874}.Release|Any CPU.Build.0 = Release|Any CPU
		{70CFECFD-FF59-457C-87C7-4CEC74B02B4D}.Debug|Any CPU.ActiveCfg = Debug|Any CPU
		{70CFECFD-FF59-457C-87C7-4CEC74B02B4D}.Debug|Any CPU.Build.0 = Debug|Any CPU
		{70CFECFD-FF59-457C-87C7-4CEC74B02B4D}.Release|Any CPU.ActiveCfg = Release|Any CPU
		{70CFECFD-FF59-457C-87C7-4CEC74B02B4D}.Release|Any CPU.Build.0 = Release|Any CPU
		{5E474454-B9A5-47A2-990B-C5DEC885ECCF}.Debug|Any CPU.ActiveCfg = Debug|Any CPU
		{5E474454-B9A5-47A2-990B-C5DEC885ECCF}.Debug|Any CPU.Build.0 = Debug|Any CPU
		{5E474454-B9A5-47A2-990B-C5DEC885ECCF}.Release|Any CPU.ActiveCfg = Release|Any CPU
		{5E474454-B9A5-47A2-990B-C5DEC885ECCF}.Release|Any CPU.Build.0 = Release|Any CPU
		{DFD3C8F8-BF9E-4E85-A95B-BCBECE2E767A}.Debug|Any CPU.ActiveCfg = Debug|Any CPU
		{DFD3C8F8-BF9E-4E85-A95B-BCBECE2E767A}.Debug|Any CPU.Build.0 = Debug|Any CPU
		{DFD3C8F8-BF9E-4E85-A95B-BCBECE2E767A}.Release|Any CPU.ActiveCfg = Release|Any CPU
		{DFD3C8F8-BF9E-4E85-A95B-BCBECE2E767A}.Release|Any CPU.Build.0 = Release|Any CPU
		{0671A4AE-591E-4FDA-A3EB-316E2A1FAB7B}.Debug|Any CPU.ActiveCfg = Debug|Any CPU
		{0671A4AE-591E-4FDA-A3EB-316E2A1FAB7B}.Debug|Any CPU.Build.0 = Debug|Any CPU
		{0671A4AE-591E-4FDA-A3EB-316E2A1FAB7B}.Release|Any CPU.ActiveCfg = Release|Any CPU
		{0671A4AE-591E-4FDA-A3EB-316E2A1FAB7B}.Release|Any CPU.Build.0 = Release|Any CPU
		{B2B46D4E-BD3C-46E0-9E98-9D392C2AA5BB}.Debug|Any CPU.ActiveCfg = Debug|Any CPU
		{B2B46D4E-BD3C-46E0-9E98-9D392C2AA5BB}.Debug|Any CPU.Build.0 = Debug|Any CPU
		{B2B46D4E-BD3C-46E0-9E98-9D392C2AA5BB}.Release|Any CPU.ActiveCfg = Release|Any CPU
		{B2B46D4E-BD3C-46E0-9E98-9D392C2AA5BB}.Release|Any CPU.Build.0 = Release|Any CPU
		{1225BC93-54EA-468F-8CFE-1B3BC5209570}.Debug|Any CPU.ActiveCfg = Debug|Any CPU
		{1225BC93-54EA-468F-8CFE-1B3BC5209570}.Debug|Any CPU.Build.0 = Debug|Any CPU
		{1225BC93-54EA-468F-8CFE-1B3BC5209570}.Release|Any CPU.ActiveCfg = Release|Any CPU
		{1225BC93-54EA-468F-8CFE-1B3BC5209570}.Release|Any CPU.Build.0 = Release|Any CPU
		{097DB23F-AAB2-4D59-A77B-75340D21EE31}.Debug|Any CPU.ActiveCfg = Debug|Any CPU
		{097DB23F-AAB2-4D59-A77B-75340D21EE31}.Debug|Any CPU.Build.0 = Debug|Any CPU
		{097DB23F-AAB2-4D59-A77B-75340D21EE31}.Release|Any CPU.ActiveCfg = Release|Any CPU
		{097DB23F-AAB2-4D59-A77B-75340D21EE31}.Release|Any CPU.Build.0 = Release|Any CPU
		{BA0450CA-AF39-4B43-8320-127850C181AB}.Debug|Any CPU.ActiveCfg = Debug|Any CPU
		{BA0450CA-AF39-4B43-8320-127850C181AB}.Debug|Any CPU.Build.0 = Debug|Any CPU
		{BA0450CA-AF39-4B43-8320-127850C181AB}.Release|Any CPU.ActiveCfg = Release|Any CPU
		{BA0450CA-AF39-4B43-8320-127850C181AB}.Release|Any CPU.Build.0 = Release|Any CPU
	EndGlobalSection
	GlobalSection(NestedProjects) = preSolution
		{B9C803CC-3D12-477A-8613-6E14CC897874} = {7B28D428-D147-4E1B-8A73-FBE118CCAF57}
		{70CFECFD-FF59-457C-87C7-4CEC74B02B4D} = {D7B26BBD-9474-488F-9884-37E510FE883A}
		{5E474454-B9A5-47A2-990B-C5DEC885ECCF} = {42784BB2-8622-48BD-9050-A9E5EBD53B12}
		{DFD3C8F8-BF9E-4E85-A95B-BCBECE2E767A} = {8F80B24D-EB57-4E81-B323-19BD62826988}
		{0671A4AE-591E-4FDA-A3EB-316E2A1FAB7B} = {8669D2D8-D109-407E-B6F8-1309F92DD4FB}
		{B2B46D4E-BD3C-46E0-9E98-9D392C2AA5BB} = {34D089DA-F543-4CCC-88FC-DB5ADBCCC2DB}
		{1225BC93-54EA-468F-8CFE-1B3BC5209570} = {34D089DA-F543-4CCC-88FC-DB5ADBCCC2DB}
		{097DB23F-AAB2-4D59-A77B-75340D21EE31} = {34D089DA-F543-4CCC-88FC-DB5ADBCCC2DB}
		{BA0450CA-AF39-4B43-8320-127850C181AB} = {34D089DA-F543-4CCC-88FC-DB5ADBCCC2DB}
	EndGlobalSection
EndGlobal
